
Microsoft Visual Studio Solution File, Format Version 12.00
# Visual Studio Version 16
VisualStudioVersion = 16.0.31613.86
MinimumVisualStudioVersion = 10.0.40219.1
Project("{FAE04EC0-301F-11D3-BF4B-00C04F79EFBC}") = "AccessSpacifier", "AccessSpacifier.csproj", "{A844C7EC-96FF-41CC-87C1-D5092CC446B8}"
EndProject
Project("{FAE04EC0-301F-11D3-BF4B-00C04F79EFBC}") = "AccessModifierDemo", "..\AccessModifierDemo\AccessModifierDemo.csproj", "{F9427A87-3EA7-486C-A0B4-056992C8127C}"
EndProject
Global
	GlobalSection(SolutionConfigurationPlatforms) = preSolution
		Debug|Any CPU = Debug|Any CPU
		Release|Any CPU = Release|Any CPU
	EndGlobalSection
	GlobalSection(ProjectConfigurationPlatforms) = postSolution
		{A844C7EC-96FF-41CC-87C1-D5092CC446B8}.Debug|Any CPU.ActiveCfg = Debug|Any CPU
		{A844C7EC-96FF-41CC-87C1-D5092CC446B8}.Debug|Any CPU.Build.0 = Debug|Any CPU
		{A844C7EC-96FF-41CC-87C1-D5092CC446B8}.Release|Any CPU.ActiveCfg = Release|Any CPU
		{A844C7EC-96FF-41CC-87C1-D5092CC446B8}.Release|Any CPU.Build.0 = Release|Any CPU
		{F9427A87-3EA7-486C-A0B4-056992C8127C}.Debug|Any CPU.ActiveCfg = Debug|Any CPU
		{F9427A87-3EA7-486C-A0B4-056992C8127C}.Debug|Any CPU.Build.0 = Debug|Any CPU
		{F9427A87-3EA7-486C-A0B4-056992C8127C}.Release|Any CPU.ActiveCfg = Release|Any CPU
		{F9427A87-3EA7-486C-A0B4-056992C8127C}.Release|Any CPU.Build.0 = Release|Any CPU
	EndGlobalSection
	GlobalSection(SolutionProperties) = preSolution
		HideSolutionNode = FALSE
	EndGlobalSection
	GlobalSection(ExtensibilityGlobals) = postSolution
		SolutionGuid = {F1B5606C-1F93-4500-B399-BDE222649349}
	EndGlobalSection
EndGlobal
